
Microsoft Visual Studio Solution File, Format Version 12.00
# Visual Studio Version 17
VisualStudioVersion = 17.7.34009.444
MinimumVisualStudioVersion = 10.0.40219.1
Project("{9A19103F-16F7-4668-BE54-9A1E7A4F7556}") = "WebAPI", "WebAPI\WebAPI.csproj", "{CC37F418-72B5-4C61-AA7C-2BCFFA20038D}"
EndProject
Project("{FAE04EC0-301F-11D3-BF4B-00C04F79EFBC}") = "IntegrationTestSUT", "IntegrationTestSUT\IntegrationTestSUT.csproj", "{A2437ABC-C1C4-49D6-8E51-C3D2994DA00F}"
EndProject
Global
	GlobalSection(SolutionConfigurationPlatforms) = preSolution
		Debug|Any CPU = Debug|Any CPU
		Release|Any CPU = Release|Any CPU
	EndGlobalSection
	GlobalSection(ProjectConfigurationPlatforms) = postSolution
		{CC37F418-72B5-4C61-AA7C-2BCFFA20038D}.Debug|Any CPU.ActiveCfg = Debug|Any CPU
		{CC37F418-72B5-4C61-AA7C-2BCFFA20038D}.Debug|Any CPU.Build.0 = Debug|Any CPU
		{CC37F418-72B5-4C61-AA7C-2BCFFA20038D}.Release|Any CPU.ActiveCfg = Release|Any CPU
		{CC37F418-72B5-4C61-AA7C-2BCFFA20038D}.Release|Any CPU.Build.0 = Release|Any CPU
		{A2437ABC-C1C4-49D6-8E51-C3D2994DA00F}.Debug|Any CPU.ActiveCfg = Debug|Any CPU
		{A2437ABC-C1C4-49D6-8E51-C3D2994DA00F}.Debug|Any CPU.Build.0 = Debug|Any CPU
		{A2437ABC-C1C4-49D6-8E51-C3D2994DA00F}.Release|Any CPU.ActiveCfg = Release|Any CPU
		{A2437ABC-C1C4-49D6-8E51-C3D2994DA00F}.Release|Any CPU.Build.0 = Release|Any CPU
	EndGlobalSection
	GlobalSection(SolutionProperties) = preSolution
		HideSolutionNode = FALSE
	EndGlobalSection
	GlobalSection(ExtensibilityGlobals) = postSolution
		SolutionGuid = {59FAAF60-2FF6-41E6-AA1B-679FC8FC879E}
	EndGlobalSection
EndGlobal
